// !$*UTF8*$!
{
	archiveVersion = 1;
	classes = {
	};
	objectVersion = 48;
	objects = {

/* Begin PBXBuildFile section */
		2A6B48AE2044A25000C4CD8E /* CountDownInterfaceController.swift in Sources */ = {isa = PBXBuildFile; fileRef = 2A6B48AD2044A25000C4CD8E /* CountDownInterfaceController.swift */; };
		2A6B48B02044A4A400C4CD8E /* TimerInterfaceController.swift in Sources */ = {isa = PBXBuildFile; fileRef = 2A6B48AF2044A4A400C4CD8E /* TimerInterfaceController.swift */; };
		2A6B48B22044A88E00C4CD8E /* FinishInterfaceController.swift in Sources */ = {isa = PBXBuildFile; fileRef = 2A6B48B12044A88E00C4CD8E /* FinishInterfaceController.swift */; };
		2A9681D92042F7CC005EC5E3 /* AppDelegate.swift in Sources */ = {isa = PBXBuildFile; fileRef = 2A9681D82042F7CC005EC5E3 /* AppDelegate.swift */; };
		2A9681DB2042F7CC005EC5E3 /* ViewController.swift in Sources */ = {isa = PBXBuildFile; fileRef = 2A9681DA2042F7CC005EC5E3 /* ViewController.swift */; };
		2A9681DE2042F7CC005EC5E3 /* Main.storyboard in Resources */ = {isa = PBXBuildFile; fileRef = 2A9681DC2042F7CC005EC5E3 /* Main.storyboard */; };
		2A9681E02042F7CC005EC5E3 /* Assets.xcassets in Resources */ = {isa = PBXBuildFile; fileRef = 2A9681DF2042F7CC005EC5E3 /* Assets.xcassets */; };
		2A9681E32042F7CC005EC5E3 /* LaunchScreen.storyboard in Resources */ = {isa = PBXBuildFile; fileRef = 2A9681E12042F7CC005EC5E3 /* LaunchScreen.storyboard */; };
		2A9681E82042F7CC005EC5E3 /* Plank App WatchKit App.app in Embed Watch Content */ = {isa = PBXBuildFile; fileRef = 2A9681E72042F7CC005EC5E3 /* Plank App WatchKit App.app */; };
		2A9681EE2042F7CC005EC5E3 /* Interface.storyboard in Resources */ = {isa = PBXBuildFile; fileRef = 2A9681EC2042F7CC005EC5E3 /* Interface.storyboard */; };
		2A9681F02042F7CC005EC5E3 /* Assets.xcassets in Resources */ = {isa = PBXBuildFile; fileRef = 2A9681EF2042F7CC005EC5E3 /* Assets.xcassets */; };
		2A9681F72042F7CC005EC5E3 /* Plank App WatchKit Extension.appex in Embed App Extensions */ = {isa = PBXBuildFile; fileRef = 2A9681F62042F7CC005EC5E3 /* Plank App WatchKit Extension.appex */; settings = {ATTRIBUTES = (RemoveHeadersOnCopy, ); }; };
		2A9681FE2042F7CC005EC5E3 /* ExtensionDelegate.swift in Sources */ = {isa = PBXBuildFile; fileRef = 2A9681FD2042F7CC005EC5E3 /* ExtensionDelegate.swift */; };
		2A9682002042F7CC005EC5E3 /* NotificationController.swift in Sources */ = {isa = PBXBuildFile; fileRef = 2A9681FF2042F7CC005EC5E3 /* NotificationController.swift */; };
		2A9682022042F7CC005EC5E3 /* ComplicationController.swift in Sources */ = {isa = PBXBuildFile; fileRef = 2A9682012042F7CC005EC5E3 /* ComplicationController.swift */; };
		2A9682042042F7CC005EC5E3 /* Assets.xcassets in Resources */ = {isa = PBXBuildFile; fileRef = 2A9682032042F7CC005EC5E3 /* Assets.xcassets */; };
		2AD839AA204473C6002F9721 /* SetTimerInterfaceController.swift in Sources */ = {isa = PBXBuildFile; fileRef = 2AD839A820445CEF002F9721 /* SetTimerInterfaceController.swift */; };
/* End PBXBuildFile section */

/* Begin PBXContainerItemProxy section */
		2A9681E92042F7CC005EC5E3 /* PBXContainerItemProxy */ = {
			isa = PBXContainerItemProxy;
			containerPortal = 2A9681CD2042F7CC005EC5E3 /* Project object */;
			proxyType = 1;
			remoteGlobalIDString = 2A9681E62042F7CC005EC5E3;
			remoteInfo = "Plank App WatchKit App";
		};
		2A9681F82042F7CC005EC5E3 /* PBXContainerItemProxy */ = {
			isa = PBXContainerItemProxy;
			containerPortal = 2A9681CD2042F7CC005EC5E3 /* Project object */;
			proxyType = 1;
			remoteGlobalIDString = 2A9681F52042F7CC005EC5E3;
			remoteInfo = "Plank App WatchKit Extension";
		};
/* End PBXContainerItemProxy section */

/* Begin PBXCopyFilesBuildPhase section */
		2A96820C2042F7CC005EC5E3 /* Embed App Extensions */ = {
			isa = PBXCopyFilesBuildPhase;
			buildActionMask = 2147483647;
			dstPath = "";
			dstSubfolderSpec = 13;
			files = (
				2A9681F72042F7CC005EC5E3 /* Plank App WatchKit Extension.appex in Embed App Extensions */,
			);
			name = "Embed App Extensions";
			runOnlyForDeploymentPostprocessing = 0;
		};
		2A9682102042F7CC005EC5E3 /* Embed Watch Content */ = {
			isa = PBXCopyFilesBuildPhase;
			buildActionMask = 2147483647;
			dstPath = "$(CONTENTS_FOLDER_PATH)/Watch";
			dstSubfolderSpec = 16;
			files = (
				2A9681E82042F7CC005EC5E3 /* Plank App WatchKit App.app in Embed Watch Content */,
			);
			name = "Embed Watch Content";
			runOnlyForDeploymentPostprocessing = 0;
		};
/* End PBXCopyFilesBuildPhase section */

/* Begin PBXFileReference section */
		2A6B48AD2044A25000C4CD8E /* CountDownInterfaceController.swift */ = {isa = PBXFileReference; lastKnownFileType = sourcecode.swift; path = CountDownInterfaceController.swift; sourceTree = "<group>"; };
		2A6B48AF2044A4A400C4CD8E /* TimerInterfaceController.swift */ = {isa = PBXFileReference; lastKnownFileType = sourcecode.swift; path = TimerInterfaceController.swift; sourceTree = "<group>"; };
		2A6B48B12044A88E00C4CD8E /* FinishInterfaceController.swift */ = {isa = PBXFileReference; lastKnownFileType = sourcecode.swift; path = FinishInterfaceController.swift; sourceTree = "<group>"; };
		2A9681D52042F7CC005EC5E3 /* Plank App.app */ = {isa = PBXFileReference; explicitFileType = wrapper.application; includeInIndex = 0; path = "Plank App.app"; sourceTree = BUILT_PRODUCTS_DIR; };
		2A9681D82042F7CC005EC5E3 /* AppDelegate.swift */ = {isa = PBXFileReference; lastKnownFileType = sourcecode.swift; path = AppDelegate.swift; sourceTree = "<group>"; };
		2A9681DA2042F7CC005EC5E3 /* ViewController.swift */ = {isa = PBXFileReference; lastKnownFileType = sourcecode.swift; path = ViewController.swift; sourceTree = "<group>"; };
		2A9681DD2042F7CC005EC5E3 /* Base */ = {isa = PBXFileReference; lastKnownFileType = file.storyboard; name = Base; path = Base.lproj/Main.storyboard; sourceTree = "<group>"; };
		2A9681DF2042F7CC005EC5E3 /* Assets.xcassets */ = {isa = PBXFileReference; lastKnownFileType = folder.assetcatalog; path = Assets.xcassets; sourceTree = "<group>"; };
		2A9681E22042F7CC005EC5E3 /* Base */ = {isa = PBXFileReference; lastKnownFileType = file.storyboard; name = Base; path = Base.lproj/LaunchScreen.storyboard; sourceTree = "<group>"; };
		2A9681E42042F7CC005EC5E3 /* Info.plist */ = {isa = PBXFileReference; lastKnownFileType = text.plist.xml; path = Info.plist; sourceTree = "<group>"; };
		2A9681E72042F7CC005EC5E3 /* Plank App WatchKit App.app */ = {isa = PBXFileReference; explicitFileType = wrapper.application; includeInIndex = 0; path = "Plank App WatchKit App.app"; sourceTree = BUILT_PRODUCTS_DIR; };
		2A9681ED2042F7CC005EC5E3 /* Base */ = {isa = PBXFileReference; lastKnownFileType = file.storyboard; name = Base; path = Base.lproj/Interface.storyboard; sourceTree = "<group>"; };
		2A9681EF2042F7CC005EC5E3 /* Assets.xcassets */ = {isa = PBXFileReference; lastKnownFileType = folder.assetcatalog; path = Assets.xcassets; sourceTree = "<group>"; };
		2A9681F12042F7CC005EC5E3 /* Info.plist */ = {isa = PBXFileReference; lastKnownFileType = text.plist.xml; path = Info.plist; sourceTree = "<group>"; };
		2A9681F62042F7CC005EC5E3 /* Plank App WatchKit Extension.appex */ = {isa = PBXFileReference; explicitFileType = "wrapper.app-extension"; includeInIndex = 0; path = "Plank App WatchKit Extension.appex"; sourceTree = BUILT_PRODUCTS_DIR; };
		2A9681FD2042F7CC005EC5E3 /* ExtensionDelegate.swift */ = {isa = PBXFileReference; lastKnownFileType = sourcecode.swift; path = ExtensionDelegate.swift; sourceTree = "<group>"; };
		2A9681FF2042F7CC005EC5E3 /* NotificationController.swift */ = {isa = PBXFileReference; lastKnownFileType = sourcecode.swift; path = NotificationController.swift; sourceTree = "<group>"; };
		2A9682012042F7CC005EC5E3 /* ComplicationController.swift */ = {isa = PBXFileReference; lastKnownFileType = sourcecode.swift; path = ComplicationController.swift; sourceTree = "<group>"; };
		2A9682032042F7CC005EC5E3 /* Assets.xcassets */ = {isa = PBXFileReference; lastKnownFileType = folder.assetcatalog; path = Assets.xcassets; sourceTree = "<group>"; };
		2A9682052042F7CC005EC5E3 /* Info.plist */ = {isa = PBXFileReference; lastKnownFileType = text.plist.xml; path = Info.plist; sourceTree = "<group>"; };
		2A9682062042F7CC005EC5E3 /* PushNotificationPayload.apns */ = {isa = PBXFileReference; lastKnownFileType = text; path = PushNotificationPayload.apns; sourceTree = "<group>"; };
		2AD839A820445CEF002F9721 /* SetTimerInterfaceController.swift */ = {isa = PBXFileReference; lastKnownFileType = sourcecode.swift; path = SetTimerInterfaceController.swift; sourceTree = "<group>"; };
/* End PBXFileReference section */

/* Begin PBXFrameworksBuildPhase section */
		2A9681D22042F7CC005EC5E3 /* Frameworks */ = {
			isa = PBXFrameworksBuildPhase;
			buildActionMask = 2147483647;
			files = (
			);
			runOnlyForDeploymentPostprocessing = 0;
		};
		2A9681F32042F7CC005EC5E3 /* Frameworks */ = {
			isa = PBXFrameworksBuildPhase;
			buildActionMask = 2147483647;
			files = (
			);
			runOnlyForDeploymentPostprocessing = 0;
		};
/* End PBXFrameworksBuildPhase section */

/* Begin PBXGroup section */
		2A9681CC2042F7CC005EC5E3 = {
			isa = PBXGroup;
			children = (
				2A9681D72042F7CC005EC5E3 /* Plank App */,
				2A9681EB2042F7CC005EC5E3 /* Plank App WatchKit App */,
				2A9681FA2042F7CC005EC5E3 /* Plank App WatchKit Extension */,
				2A9681D62042F7CC005EC5E3 /* Products */,
			);
			sourceTree = "<group>";
		};
		2A9681D62042F7CC005EC5E3 /* Products */ = {
			isa = PBXGroup;
			children = (
				2A9681D52042F7CC005EC5E3 /* Plank App.app */,
				2A9681E72042F7CC005EC5E3 /* Plank App WatchKit App.app */,
				2A9681F62042F7CC005EC5E3 /* Plank App WatchKit Extension.appex */,
			);
			name = Products;
			sourceTree = "<group>";
		};
		2A9681D72042F7CC005EC5E3 /* Plank App */ = {
			isa = PBXGroup;
			children = (
				2A9681D82042F7CC005EC5E3 /* AppDelegate.swift */,
				2A9681DA2042F7CC005EC5E3 /* ViewController.swift */,
				2A9681DC2042F7CC005EC5E3 /* Main.storyboard */,
				2A9681DF2042F7CC005EC5E3 /* Assets.xcassets */,
				2A9681E12042F7CC005EC5E3 /* LaunchScreen.storyboard */,
				2A9681E42042F7CC005EC5E3 /* Info.plist */,
			);
			path = "Plank App";
			sourceTree = "<group>";
		};
		2A9681EB2042F7CC005EC5E3 /* Plank App WatchKit App */ = {
			isa = PBXGroup;
			children = (
				2A9681EC2042F7CC005EC5E3 /* Interface.storyboard */,
				2A9681EF2042F7CC005EC5E3 /* Assets.xcassets */,
				2A9681F12042F7CC005EC5E3 /* Info.plist */,
			);
			path = "Plank App WatchKit App";
			sourceTree = "<group>";
		};
		2A9681FA2042F7CC005EC5E3 /* Plank App WatchKit Extension */ = {
			isa = PBXGroup;
			children = (
				2A6B48AF2044A4A400C4CD8E /* TimerInterfaceController.swift */,
				2AD839A820445CEF002F9721 /* SetTimerInterfaceController.swift */,
				2A9681FD2042F7CC005EC5E3 /* ExtensionDelegate.swift */,
				2A9681FF2042F7CC005EC5E3 /* NotificationController.swift */,
				2A9682012042F7CC005EC5E3 /* ComplicationController.swift */,
				2A9682032042F7CC005EC5E3 /* Assets.xcassets */,
				2A9682052042F7CC005EC5E3 /* Info.plist */,
				2A9682062042F7CC005EC5E3 /* PushNotificationPayload.apns */,
				2A6B48AD2044A25000C4CD8E /* CountDownInterfaceController.swift */,
				2A6B48B12044A88E00C4CD8E /* FinishInterfaceController.swift */,
			);
			path = "Plank App WatchKit Extension";
			sourceTree = "<group>";
		};
/* End PBXGroup section */

/* Begin PBXNativeTarget section */
		2A9681D42042F7CC005EC5E3 /* Plank App */ = {
			isa = PBXNativeTarget;
			buildConfigurationList = 2A9682112042F7CC005EC5E3 /* Build configuration list for PBXNativeTarget "Plank App" */;
			buildPhases = (
				2A9681D12042F7CC005EC5E3 /* Sources */,
				2A9681D22042F7CC005EC5E3 /* Frameworks */,
				2A9681D32042F7CC005EC5E3 /* Resources */,
				2A9682102042F7CC005EC5E3 /* Embed Watch Content */,
			);
			buildRules = (
			);
			dependencies = (
				2A9681EA2042F7CC005EC5E3 /* PBXTargetDependency */,
			);
			name = "Plank App";
			productName = "Plank App";
			productReference = 2A9681D52042F7CC005EC5E3 /* Plank App.app */;
			productType = "com.apple.product-type.application";
		};
		2A9681E62042F7CC005EC5E3 /* Plank App WatchKit App */ = {
			isa = PBXNativeTarget;
			buildConfigurationList = 2A96820D2042F7CC005EC5E3 /* Build configuration list for PBXNativeTarget "Plank App WatchKit App" */;
			buildPhases = (
				2A9681E52042F7CC005EC5E3 /* Resources */,
				2A96820C2042F7CC005EC5E3 /* Embed App Extensions */,
			);
			buildRules = (
			);
			dependencies = (
				2A9681F92042F7CC005EC5E3 /* PBXTargetDependency */,
			);
			name = "Plank App WatchKit App";
			productName = "Plank App WatchKit App";
			productReference = 2A9681E72042F7CC005EC5E3 /* Plank App WatchKit App.app */;
			productType = "com.apple.product-type.application.watchapp2";
		};
		2A9681F52042F7CC005EC5E3 /* Plank App WatchKit Extension */ = {
			isa = PBXNativeTarget;
			buildConfigurationList = 2A9682092042F7CC005EC5E3 /* Build configuration list for PBXNativeTarget "Plank App WatchKit Extension" */;
			buildPhases = (
				2A9681F22042F7CC005EC5E3 /* Sources */,
				2A9681F32042F7CC005EC5E3 /* Frameworks */,
				2A9681F42042F7CC005EC5E3 /* Resources */,
			);
			buildRules = (
			);
			dependencies = (
			);
			name = "Plank App WatchKit Extension";
			productName = "Plank App WatchKit Extension";
			productReference = 2A9681F62042F7CC005EC5E3 /* Plank App WatchKit Extension.appex */;
			productType = "com.apple.product-type.watchkit2-extension";
		};
/* End PBXNativeTarget section */

/* Begin PBXProject section */
		2A9681CD2042F7CC005EC5E3 /* Project object */ = {
			isa = PBXProject;
			attributes = {
				LastSwiftUpdateCheck = 0920;
				LastUpgradeCheck = 0920;
				ORGANIZATIONNAME = "Igor Malyarov";
				TargetAttributes = {
					2A9681D42042F7CC005EC5E3 = {
						CreatedOnToolsVersion = 9.2;
						ProvisioningStyle = Automatic;
					};
					2A9681E62042F7CC005EC5E3 = {
						CreatedOnToolsVersion = 9.2;
						ProvisioningStyle = Automatic;
					};
					2A9681F52042F7CC005EC5E3 = {
						CreatedOnToolsVersion = 9.2;
						ProvisioningStyle = Automatic;
					};
				};
			};
			buildConfigurationList = 2A9681D02042F7CC005EC5E3 /* Build configuration list for PBXProject "Plank App" */;
			compatibilityVersion = "Xcode 8.0";
			developmentRegion = en;
			hasScannedForEncodings = 0;
			knownRegions = (
				en,
				Base,
			);
			mainGroup = 2A9681CC2042F7CC005EC5E3;
			productRefGroup = 2A9681D62042F7CC005EC5E3 /* Products */;
			projectDirPath = "";
			projectRoot = "";
			targets = (
				2A9681D42042F7CC005EC5E3 /* Plank App */,
				2A9681E62042F7CC005EC5E3 /* Plank App WatchKit App */,
				2A9681F52042F7CC005EC5E3 /* Plank App WatchKit Extension */,
			);
		};
/* End PBXProject section */

/* Begin PBXResourcesBuildPhase section */
		2A9681D32042F7CC005EC5E3 /* Resources */ = {
			isa = PBXResourcesBuildPhase;
			buildActionMask = 2147483647;
			files = (
				2A9681E32042F7CC005EC5E3 /* LaunchScreen.storyboard in Resources */,
				2A9681E02042F7CC005EC5E3 /* Assets.xcassets in Resources */,
				2A9681DE2042F7CC005EC5E3 /* Main.storyboard in Resources */,
			);
			runOnlyForDeploymentPostprocessing = 0;
		};
		2A9681E52042F7CC005EC5E3 /* Resources */ = {
			isa = PBXResourcesBuildPhase;
			buildActionMask = 2147483647;
			files = (
				2A9681F02042F7CC005EC5E3 /* Assets.xcassets in Resources */,
				2A9681EE2042F7CC005EC5E3 /* Interface.storyboard in Resources */,
			);
			runOnlyForDeploymentPostprocessing = 0;
		};
		2A9681F42042F7CC005EC5E3 /* Resources */ = {
			isa = PBXResourcesBuildPhase;
			buildActionMask = 2147483647;
			files = (
				2A9682042042F7CC005EC5E3 /* Assets.xcassets in Resources */,
			);
			runOnlyForDeploymentPostprocessing = 0;
		};
/* End PBXResourcesBuildPhase section */

/* Begin PBXSourcesBuildPhase section */
		2A9681D12042F7CC005EC5E3 /* Sources */ = {
			isa = PBXSourcesBuildPhase;
			buildActionMask = 2147483647;
			files = (
				2A9681DB2042F7CC005EC5E3 /* ViewController.swift in Sources */,
				2A9681D92042F7CC005EC5E3 /* AppDelegate.swift in Sources */,
			);
			runOnlyForDeploymentPostprocessing = 0;
		};
		2A9681F22042F7CC005EC5E3 /* Sources */ = {
			isa = PBXSourcesBuildPhase;
			buildActionMask = 2147483647;
			files = (
				2A6B48B22044A88E00C4CD8E /* FinishInterfaceController.swift in Sources */,
				2A6B48AE2044A25000C4CD8E /* CountDownInterfaceController.swift in Sources */,
				2A9682002042F7CC005EC5E3 /* NotificationController.swift in Sources */,
				2A9682022042F7CC005EC5E3 /* ComplicationController.swift in Sources */,
				2AD839AA204473C6002F9721 /* SetTimerInterfaceController.swift in Sources */,
				2A9681FE2042F7CC005EC5E3 /* ExtensionDelegate.swift in Sources */,
				2A6B48B02044A4A400C4CD8E /* TimerInterfaceController.swift in Sources */,
			);
			runOnlyForDeploymentPostprocessing = 0;
		};
/* End PBXSourcesBuildPhase section */

/* Begin PBXTargetDependency section */
		2A9681EA2042F7CC005EC5E3 /* PBXTargetDependency */ = {
			isa = PBXTargetDependency;
			target = 2A9681E62042F7CC005EC5E3 /* Plank App WatchKit App */;
			targetProxy = 2A9681E92042F7CC005EC5E3 /* PBXContainerItemProxy */;
		};
		2A9681F92042F7CC005EC5E3 /* PBXTargetDependency */ = {
			isa = PBXTargetDependency;
			target = 2A9681F52042F7CC005EC5E3 /* Plank App WatchKit Extension */;
			targetProxy = 2A9681F82042F7CC005EC5E3 /* PBXContainerItemProxy */;
		};
/* End PBXTargetDependency section */

/* Begin PBXVariantGroup section */
		2A9681DC2042F7CC005EC5E3 /* Main.storyboard */ = {
			isa = PBXVariantGroup;
			children = (
				2A9681DD2042F7CC005EC5E3 /* Base */,
			);
			name = Main.storyboard;
			sourceTree = "<group>";
		};
		2A9681E12042F7CC005EC5E3 /* LaunchScreen.storyboard */ = {
			isa = PBXVariantGroup;
			children = (
				2A9681E22042F7CC005EC5E3 /* Base */,
			);
			name = LaunchScreen.storyboard;
			sourceTree = "<group>";
		};
		2A9681EC2042F7CC005EC5E3 /* Interface.storyboard */ = {
			isa = PBXVariantGroup;
			children = (
				2A9681ED2042F7CC005EC5E3 /* Base */,
			);
			name = Interface.storyboard;
			sourceTree = "<group>";
		};
/* End PBXVariantGroup section */

/* Begin XCBuildConfiguration section */
		2A9682072042F7CC005EC5E3 /* Debug */ = {
			isa = XCBuildConfiguration;
			buildSettings = {
				ALWAYS_SEARCH_USER_PATHS = NO;
				CLANG_ANALYZER_NONNULL = YES;
				CLANG_ANALYZER_NUMBER_OBJECT_CONVERSION = YES_AGGRESSIVE;
				CLANG_CXX_LANGUAGE_STANDARD = "gnu++14";
				CLANG_CXX_LIBRARY = "libc++";
				CLANG_ENABLE_MODULES = YES;
				CLANG_ENABLE_OBJC_ARC = YES;
				CLANG_WARN_BLOCK_CAPTURE_AUTORELEASING = YES;
				CLANG_WARN_BOOL_CONVERSION = YES;
				CLANG_WARN_COMMA = YES;
				CLANG_WARN_CONSTANT_CONVERSION = YES;
				CLANG_WARN_DIRECT_OBJC_ISA_USAGE = YES_ERROR;
				CLANG_WARN_DOCUMENTATION_COMMENTS = YES;
				CLANG_WARN_EMPTY_BODY = YES;
				CLANG_WARN_ENUM_CONVERSION = YES;
				CLANG_WARN_INFINITE_RECURSION = YES;
				CLANG_WARN_INT_CONVERSION = YES;
				CLANG_WARN_NON_LITERAL_NULL_CONVERSION = YES;
				CLANG_WARN_OBJC_LITERAL_CONVERSION = YES;
				CLANG_WARN_OBJC_ROOT_CLASS = YES_ERROR;
				CLANG_WARN_RANGE_LOOP_ANALYSIS = YES;
				CLANG_WARN_STRICT_PROTOTYPES = YES;
				CLANG_WARN_SUSPICIOUS_MOVE = YES;
				CLANG_WARN_UNGUARDED_AVAILABILITY = YES_AGGRESSIVE;
				CLANG_WARN_UNREACHABLE_CODE = YES;
				CLANG_WARN__DUPLICATE_METHOD_MATCH = YES;
				CODE_SIGN_IDENTITY = "iPhone Developer";
				COPY_PHASE_STRIP = NO;
				DEBUG_INFORMATION_FORMAT = dwarf;
				ENABLE_STRICT_OBJC_MSGSEND = YES;
				ENABLE_TESTABILITY = YES;
				GCC_C_LANGUAGE_STANDARD = gnu11;
				GCC_DYNAMIC_NO_PIC = NO;
				GCC_NO_COMMON_BLOCKS = YES;
				GCC_OPTIMIZATION_LEVEL = 0;
				GCC_PREPROCESSOR_DEFINITIONS = (
					"DEBUG=1",
					"$(inherited)",
				);
				GCC_WARN_64_TO_32_BIT_CONVERSION = YES;
				GCC_WARN_ABOUT_RETURN_TYPE = YES_ERROR;
				GCC_WARN_UNDECLARED_SELECTOR = YES;
				GCC_WARN_UNINITIALIZED_AUTOS = YES_AGGRESSIVE;
				GCC_WARN_UNUSED_FUNCTION = YES;
				GCC_WARN_UNUSED_VARIABLE = YES;
				IPHONEOS_DEPLOYMENT_TARGET = 11.2;
				MTL_ENABLE_DEBUG_INFO = YES;
				ONLY_ACTIVE_ARCH = YES;
				SDKROOT = iphoneos;
				SWIFT_ACTIVE_COMPILATION_CONDITIONS = DEBUG;
				SWIFT_OPTIMIZATION_LEVEL = "-Onone";
			};
			name = Debug;
		};
		2A9682082042F7CC005EC5E3 /* Release */ = {
			isa = XCBuildConfiguration;
			buildSettings = {
				ALWAYS_SEARCH_USER_PATHS = NO;
				CLANG_ANALYZER_NONNULL = YES;
				CLANG_ANALYZER_NUMBER_OBJECT_CONVERSION = YES_AGGRESSIVE;
				CLANG_CXX_LANGUAGE_STANDARD = "gnu++14";
				CLANG_CXX_LIBRARY = "libc++";
				CLANG_ENABLE_MODULES = YES;
				CLANG_ENABLE_OBJC_ARC = YES;
				CLANG_WARN_BLOCK_CAPTURE_AUTORELEASING = YES;
				CLANG_WARN_BOOL_CONVERSION = YES;
				CLANG_WARN_COMMA = YES;
				CLANG_WARN_CONSTANT_CONVERSION = YES;
				CLANG_WARN_DIRECT_OBJC_ISA_USAGE = YES_ERROR;
				CLANG_WARN_DOCUMENTATION_COMMENTS = YES;
				CLANG_WARN_EMPTY_BODY = YES;
				CLANG_WARN_ENUM_CONVERSION = YES;
				CLANG_WARN_INFINITE_RECURSION = YES;
				CLANG_WARN_INT_CONVERSION = YES;
				CLANG_WARN_NON_LITERAL_NULL_CONVERSION = YES;
				CLANG_WARN_OBJC_LITERAL_CONVERSION = YES;
				CLANG_WARN_OBJC_ROOT_CLASS = YES_ERROR;
				CLANG_WARN_RANGE_LOOP_ANALYSIS = YES;
				CLANG_WARN_STRICT_PROTOTYPES = YES;
				CLANG_WARN_SUSPICIOUS_MOVE = YES;
				CLANG_WARN_UNGUARDED_AVAILABILITY = YES_AGGRESSIVE;
				CLANG_WARN_UNREACHABLE_CODE = YES;
				CLANG_WARN__DUPLICATE_METHOD_MATCH = YES;
				CODE_SIGN_IDENTITY = "iPhone Developer";
				COPY_PHASE_STRIP = NO;
				DEBUG_INFORMATION_FORMAT = "dwarf-with-dsym";
				ENABLE_NS_ASSERTIONS = NO;
				ENABLE_STRICT_OBJC_MSGSEND = YES;
				GCC_C_LANGUAGE_STANDARD = gnu11;
				GCC_NO_COMMON_BLOCKS = YES;
				GCC_WARN_64_TO_32_BIT_CONVERSION = YES;
				GCC_WARN_ABOUT_RETURN_TYPE = YES_ERROR;
				GCC_WARN_UNDECLARED_SELECTOR = YES;
				GCC_WARN_UNINITIALIZED_AUTOS = YES_AGGRESSIVE;
				GCC_WARN_UNUSED_FUNCTION = YES;
				GCC_WARN_UNUSED_VARIABLE = YES;
				IPHONEOS_DEPLOYMENT_TARGET = 11.2;
				MTL_ENABLE_DEBUG_INFO = NO;
				SDKROOT = iphoneos;
				SWIFT_OPTIMIZATION_LEVEL = "-Owholemodule";
				VALIDATE_PRODUCT = YES;
			};
			name = Release;
		};
		2A96820A2042F7CC005EC5E3 /* Debug */ = {
			isa = XCBuildConfiguration;
			buildSettings = {
				ASSETCATALOG_COMPILER_COMPLICATION_NAME = Complication;
				CODE_SIGN_STYLE = Automatic;
				DEVELOPMENT_TEAM = VRVJ9YNRQU;
				INFOPLIST_FILE = "Plank App WatchKit Extension/Info.plist";
				LD_RUNPATH_SEARCH_PATHS = "$(inherited) @executable_path/Frameworks @executable_path/../../Frameworks";
				PRODUCT_BUNDLE_IDENTIFIER = "com.photoigor.Plank-App.watchkitapp.watchkitextension";
				PRODUCT_NAME = "${TARGET_NAME}";
				SDKROOT = watchos;
				SKIP_INSTALL = YES;
				SWIFT_VERSION = 4.0;
				TARGETED_DEVICE_FAMILY = 4;
				WATCHOS_DEPLOYMENT_TARGET = 4.2;
			};
			name = Debug;
		};
		2A96820B2042F7CC005EC5E3 /* Release */ = {
			isa = XCBuildConfiguration;
			buildSettings = {
				ASSETCATALOG_COMPILER_COMPLICATION_NAME = Complication;
				CODE_SIGN_STYLE = Automatic;
				DEVELOPMENT_TEAM = VRVJ9YNRQU;
				INFOPLIST_FILE = "Plank App WatchKit Extension/Info.plist";
				LD_RUNPATH_SEARCH_PATHS = "$(inherited) @executable_path/Frameworks @executable_path/../../Frameworks";
				PRODUCT_BUNDLE_IDENTIFIER = "com.photoigor.Plank-App.watchkitapp.watchkitextension";
				PRODUCT_NAME = "${TARGET_NAME}";
				SDKROOT = watchos;
				SKIP_INSTALL = YES;
				SWIFT_VERSION = 4.0;
				TARGETED_DEVICE_FAMILY = 4;
				WATCHOS_DEPLOYMENT_TARGET = 4.2;
			};
			name = Release;
		};
		2A96820E2042F7CC005EC5E3 /* Debug */ = {
			isa = XCBuildConfiguration;
			buildSettings = {
				ALWAYS_EMBED_SWIFT_STANDARD_LIBRARIES = YES;
				ASSETCATALOG_COMPILER_APPICON_NAME = AppIcon;
				CODE_SIGN_STYLE = Automatic;
				DEVELOPMENT_TEAM = VRVJ9YNRQU;
				IBSC_MODULE = Plank_App_WatchKit_Extension;
				INFOPLIST_FILE = "Plank App WatchKit App/Info.plist";
				PRODUCT_BUNDLE_IDENTIFIER = "com.photoigor.Plank-App.watchkitapp";
				PRODUCT_NAME = "$(TARGET_NAME)";
				SDKROOT = watchos;
				SKIP_INSTALL = YES;
				SWIFT_VERSION = 4.0;
				TARGETED_DEVICE_FAMILY = 4;
				WATCHOS_DEPLOYMENT_TARGET = 4.2;
			};
			name = Debug;
		};
		2A96820F2042F7CC005EC5E3 /* Release */ = {
			isa = XCBuildConfiguration;
			buildSettings = {
				ALWAYS_EMBED_SWIFT_STANDARD_LIBRARIES = YES;
				ASSETCATALOG_COMPILER_APPICON_NAME = AppIcon;
				CODE_SIGN_STYLE = Automatic;
				DEVELOPMENT_TEAM = VRVJ9YNRQU;
				IBSC_MODULE = Plank_App_WatchKit_Extension;
				INFOPLIST_FILE = "Plank App WatchKit App/Info.plist";
				PRODUCT_BUNDLE_IDENTIFIER = "com.photoigor.Plank-App.watchkitapp";
				PRODUCT_NAME = "$(TARGET_NAME)";
				SDKROOT = watchos;
				SKIP_INSTALL = YES;
				SWIFT_VERSION = 4.0;
				TARGETED_DEVICE_FAMILY = 4;
				WATCHOS_DEPLOYMENT_TARGET = 4.2;
			};
			name = Release;
		};
		2A9682122042F7CC005EC5E3 /* Debug */ = {
			isa = XCBuildConfiguration;
			buildSettings = {
				ASSETCATALOG_COMPILER_APPICON_NAME = AppIcon;
				CODE_SIGN_STYLE = Automatic;
				DEVELOPMENT_TEAM = VRVJ9YNRQU;
				INFOPLIST_FILE = "Plank App/Info.plist";
				LD_RUNPATH_SEARCH_PATHS = "$(inherited) @executable_path/Frameworks";
				PRODUCT_BUNDLE_IDENTIFIER = "com.photoigor.Plank-App";
				PRODUCT_NAME = "$(TARGET_NAME)";
				SWIFT_VERSION = 4.0;
				TARGETED_DEVICE_FAMILY = "1,2";
			};
			name = Debug;
		};
		2A9682132042F7CC005EC5E3 /* Release */ = {
			isa = XCBuildConfiguration;
			buildSettings = {
				ASSETCATALOG_COMPILER_APPICON_NAME = AppIcon;
				CODE_SIGN_STYLE = Automatic;
				DEVELOPMENT_TEAM = VRVJ9YNRQU;
				INFOPLIST_FILE = "Plank App/Info.plist";
				LD_RUNPATH_SEARCH_PATHS = "$(inherited) @executable_path/Frameworks";
				PRODUCT_BUNDLE_IDENTIFIER = "com.photoigor.Plank-App";
				PRODUCT_NAME = "$(TARGET_NAME)";
				SWIFT_VERSION = 4.0;
				TARGETED_DEVICE_FAMILY = "1,2";
			};
			name = Release;
		};
/* End XCBuildConfiguration section */

/* Begin XCConfigurationList section */
		2A9681D02042F7CC005EC5E3 /* Build configuration list for PBXProject "Plank App" */ = {
			isa = XCConfigurationList;
			buildConfigurations = (
				2A9682072042F7CC005EC5E3 /* Debug */,
				2A9682082042F7CC005EC5E3 /* Release */,
			);
			defaultConfigurationIsVisible = 0;
			defaultConfigurationName = Release;
		};
		2A9682092042F7CC005EC5E3 /* Build configuration list for PBXNativeTarget "Plank App WatchKit Extension" */ = {
			isa = XCConfigurationList;
			buildConfigurations = (
				2A96820A2042F7CC005EC5E3 /* Debug */,
				2A96820B2042F7CC005EC5E3 /* Release */,
			);
			defaultConfigurationIsVisible = 0;
			defaultConfigurationName = Release;
		};
		2A96820D2042F7CC005EC5E3 /* Build configuration list for PBXNativeTarget "Plank App WatchKit App" */ = {
			isa = XCConfigurationList;
			buildConfigurations = (
				2A96820E2042F7CC005EC5E3 /* Debug */,
				2A96820F2042F7CC005EC5E3 /* Release */,
			);
			defaultConfigurationIsVisible = 0;
			defaultConfigurationName = Release;
		};
		2A9682112042F7CC005EC5E3 /* Build configuration list for PBXNativeTarget "Plank App" */ = {
			isa = XCConfigurationList;
			buildConfigurations = (
				2A9682122042F7CC005EC5E3 /* Debug */,
				2A9682132042F7CC005EC5E3 /* Release */,
			);
			defaultConfigurationIsVisible = 0;
			defaultConfigurationName = Release;
		};
/* End XCConfigurationList section */
	};
	rootObject = 2A9681CD2042F7CC005EC5E3 /* Project object */;
}
